
Microsoft Visual Studio Solution File, Format Version 12.00
# Visual Studio Version 16
VisualStudioVersion = 16.0.33529.622
MinimumVisualStudioVersion = 10.0.40219.1
Project("{FAE04EC0-301F-11D3-BF4B-00C04F79EFBC}") = "Sgm_Student_Information", "Sgm_Student_Information.csproj", "{F2E4EFB4-104B-4A46-BE8D-11BE792A2E59}"
EndProject
Global
	GlobalSection(SolutionConfigurationPlatforms) = preSolution
		Debug|Any CPU = Debug|Any CPU
		Release|Any CPU = Release|Any CPU
	EndGlobalSection
	GlobalSection(ProjectConfigurationPlatforms) = postSolution
		{F2E4EFB4-104B-4A46-BE8D-11BE792A2E59}.Debug|Any CPU.ActiveCfg = Debug|Any CPU
		{F2E4EFB4-104B-4A46-BE8D-11BE792A2E59}.Debug|Any CPU.Build.0 = Debug|Any CPU
		{F2E4EFB4-104B-4A46-BE8D-11BE792A2E59}.Release|Any CPU.ActiveCfg = Release|Any CPU
		{F2E4EFB4-104B-4A46-BE8D-11BE792A2E59}.Release|Any CPU.Build.0 = Release|Any CPU
	EndGlobalSection
	GlobalSection(SolutionProperties) = preSolution
		HideSolutionNode = FALSE
	EndGlobalSection
	GlobalSection(ExtensibilityGlobals) = postSolution
		SolutionGuid = {FDDADE1F-8D7D-4F8A-8F45-562212D9E92D}
	EndGlobalSection
EndGlobal
